version = 1
revision = 3
requires-python = ">=3.10"

[[package]]
name = "colorama"
version = "0.4.6"
source = { registry = "https://pypi.org/simple" }
sdist = { url = "https://files.pythonhosted.org/packages/d8/53/6f443c9a4a8358a93a6792e2acffb9d9d5cb0a5cfd8802644b7b1c9a02e4/colorama-0.4.6.tar.gz", hash = "sha256:08695f5cb7ed6e0531a20572697297273c47b8cae5a63ffc6d6ed5c201be6e44", size = 27697, upload-time = "2022-10-25T02:36:22.414Z" }
wheels = [
    { url = "https://files.pythonhosted.org/packages/d1/d6/3965ed04c63042e047cb6a3e6ed1a63a35087b6a609aa3a15ed8ac56c221/colorama-0.4.6-py2.py3-none-any.whl", hash = "sha256:4f1d9991f5acc0ca119f9d443620b77f9d6b33703e51011c16baf57afb285fc6", size = 25335, upload-time = "2022-10-25T02:36:20.889Z" },
]

[[package]]
name = "msgpack"
version = "1.0.8"
source = { registry = "https://pypi.org/simple" }
sdist = { url = "https://files.pythonhosted.org/packages/08/4c/17adf86a8fbb02c144c7569dc4919483c01a2ac270307e2d59e1ce394087/msgpack-1.0.8.tar.gz", hash = "sha256:95c02b0e27e706e48d0e5426d1710ca78e0f0628d6e89d5b5a5b91a5f12274f3", size = 167014, upload-time = "2024-03-02T01:19:21.299Z" }
wheels = [
    { url = "https://files.pythonhosted.org/packages/b3/c2/8ecbafd6d3178ad408989c82d6d518fec76e053bae20c0fd9f47bffe7dda/msgpack-1.0.8-cp310-cp310-macosx_10_9_universal2.whl", hash = "sha256:505fe3d03856ac7d215dbe005414bc28505d26f0c128906037e66d98c4e95868", size = 157691, upload-time = "2024-03-01T12:34:50.572Z" },
    { url = "https://files.pythonhosted.org/packages/0d/7e/93373ffbe6561e719996a90b6d112604f52da3ab46e7c395db7607458553/msgpack-1.0.8-cp310-cp310-macosx_10_9_x86_64.whl", hash = "sha256:e6b7842518a63a9f17107eb176320960ec095a8ee3b4420b5f688e24bf50c53c", size = 87954, upload-time = "2024-03-01T12:34:52.52Z" },
    { url = "https://files.pythonhosted.org/packages/ba/13/d000e53b067aee19d57a4f26d5bffed7890e6896538ac5f97605b0f64985/msgpack-1.0.8-cp310-cp310-macosx_11_0_arm64.whl", hash = "sha256:376081f471a2ef24828b83a641a02c575d6103a3ad7fd7dade5486cad10ea659", size = 84945, upload-time = "2024-03-01T12:34:55.055Z" },
    { url = "https://files.pythonhosted.org/packages/2b/6e/3dcd4f7d8b978277393fd5b7c0abd9d2b6ef7ba8eb12834bed59158ecf5f/msgpack-1.0.8-cp310-cp310-manylinux_2_17_aarch64.manylinux2014_aarch64.whl", hash = "sha256:5e390971d082dba073c05dbd56322427d3280b7cc8b53484c9377adfbae67dc2", size = 376004, upload-time = "2024-03-01T12:34:57.709Z" },
    { url = "https://files.pythonhosted.org/packages/d9/96/a1868dd8997d65732476dfc70fef44d046c1b4dbe36ec1481ab744d87775/msgpack-1.0.8-cp310-cp310-manylinux_2_17_x86_64.manylinux2014_x86_64.whl", hash = "sha256:00e073efcba9ea99db5acef3959efa45b52bc67b61b00823d2a1a6944bf45982", size = 385107, upload-time = "2024-03-01T12:35:00.529Z" },
    { url = "https://files.pythonhosted.org/packages/9b/db/8d629233bba3cbe6d7a6e0fd018ed684c5f0befea4428d4217ce066d2f20/msgpack-1.0.8-cp310-cp310-manylinux_2_5_i686.manylinux1_i686.manylinux_2_17_i686.manylinux2014_i686.whl", hash = "sha256:82d92c773fbc6942a7a8b520d22c11cfc8fd83bba86116bfcf962c2f5c2ecdaa", size = 374290, upload-time = "2024-03-01T12:35:02.857Z" },
    { url = "https://files.pythonhosted.org/packages/f0/75/553cc9ddfe59c62654dd398c16cd8ab1b3eeb145e56805f52115cbe9f5a0/msgpack-1.0.8-cp310-cp310-musllinux_1_1_aarch64.whl", hash = "sha256:9ee32dcb8e531adae1f1ca568822e9b3a738369b3b686d1477cbc643c4a9c128", size = 380759, upload-time = "2024-03-01T12:35:07.369Z" },
    { url = "https://files.pythonhosted.org/packages/7c/40/c6f31cef899b54e3f6a759204d0b152c9205aef7219c9d2279f608c421eb/msgpack-1.0.8-cp310-cp310-musllinux_1_1_i686.whl", hash = "sha256:e3aa7e51d738e0ec0afbed661261513b38b3014754c9459508399baf14ae0c9d", size = 413943, upload-time = "2024-03-01T12:35:10.271Z" },
    { url = "https://files.pythonhosted.org/packages/b0/a8/29426f7af85406116e1cdbd21d8f02e30ef8f4afe3cfcbb43c498cbadadf/msgpack-1.0.8-cp310-cp310-musllinux_1_1_x86_64.whl", hash = "sha256:69284049d07fce531c17404fcba2bb1df472bc2dcdac642ae71a2d079d950653", size = 385405, upload-time = "2024-03-01T12:35:13.438Z" },
    { url = "https://files.pythonhosted.org/packages/98/b4/a32559cd8604402f55560ab7e5ebf20a92b533f376d693bb67a9c0aff41e/msgpack-1.0.8-cp310-cp310-win32.whl", hash = "sha256:13577ec9e247f8741c84d06b9ece5f654920d8365a4b636ce0e44f15e07ec693", size = 69043, upload-time = "2024-03-01T12:35:17.896Z" },
    { url = "https://files.pythonhosted.org/packages/21/47/b7217d54e15dbae5492b845364427fa3cb1b0ccb58160b04ba47b551d7d9/msgpack-1.0.8-cp310-cp310-win_amd64.whl", hash = "sha256:e532dbd6ddfe13946de050d7474e3f5fb6ec774fbb1a188aaf469b08cf04189a", size = 75106, upload-time = "2024-03-01T12:35:19.963Z" },
    { url = "https://files.pythonhosted.org/packages/3e/0e/96477b0448c593cc5c679e855c7bb58bb6543a065760e67cad0c3f90deb1/msgpack-1.0.8-cp311-cp311-macosx_10_9_universal2.whl", hash = "sha256:9517004e21664f2b5a5fd6333b0731b9cf0817403a941b393d89a2f1dc2bd836", size = 157669, upload-time = "2024-03-01T12:35:22.949Z" },
    { url = "https://files.pythonhosted.org/packages/46/ca/96051d40050cd17bf054996662dbf8900da9995fa0a3308f2597a47bedad/msgpack-1.0.8-cp311-cp311-macosx_10_9_x86_64.whl", hash = "sha256:d16a786905034e7e34098634b184a7d81f91d4c3d246edc6bd7aefb2fd8ea6ad", size = 87994, upload-time = "2024-03-01T12:35:25.248Z" },
    { url = "https://files.pythonhosted.org/packages/17/29/7f3f30dd40bf1c2599350099645d3664b3aadb803583cbfce57a28047c4d/msgpack-1.0.8-cp311-cp311-macosx_11_0_arm64.whl", hash = "sha256:e2872993e209f7ed04d963e4b4fbae72d034844ec66bc4ca403329db2074377b", size = 84887, upload-time = "2024-03-01T12:35:26.465Z" },
    { url = "https://files.pythonhosted.org/packages/1a/01/01a88f7971c68037dab4be2737b50e00557bbdaf179ab988803c736043ed/msgpack-1.0.8-cp311-cp311-manylinux_2_17_aarch64.manylinux2014_aarch64.whl", hash = "sha256:5c330eace3dd100bdb54b5653b966de7f51c26ec4a7d4e87132d9b4f738220ba", size = 400836, upload-time = "2024-03-01T12:35:28.167Z" },
    { url = "https://files.pythonhosted.org/packages/f6/f0/a7bdb48223cd21b9abed814b08fca8fe6a40931e70ec97c24d2f15d68ef3/msgpack-1.0.8-cp311-cp311-manylinux_2_17_x86_64.manylinux2014_x86_64.whl", hash = "sha256:83b5c044f3eff2a6534768ccfd50425939e7a8b5cf9a7261c385de1e20dcfc85", size = 409267, upload-time = "2024-03-01T12:35:29.888Z" },
    { url = "https://files.pythonhosted.org/packages/f5/9a/88388f7960930a7dc0bbcde3d1db1bd543c9645483f3172c64853f4cab67/msgpack-1.0.8-cp311-cp311-manylinux_2_5_i686.manylinux1_i686.manylinux_2_17_i686.manylinux2014_i686.whl", hash = "sha256:1876b0b653a808fcd50123b953af170c535027bf1d053b59790eebb0aeb38950", size = 397264, upload-time = "2024-03-01T12:35:31.605Z" },
    { url = "https://files.pythonhosted.org/packages/43/7c/82b729d105dae9f8be500228fdd8cfc1f918a18e285afcbf6d6915146037/msgpack-1.0.8-cp311-cp311-musllinux_1_1_aarch64.whl", hash = "sha256:dfe1f0f0ed5785c187144c46a292b8c34c1295c01da12e10ccddfc16def4448a", size = 404763, upload-time = "2024-03-01T12:35:33.764Z" },
    { url = "https://files.pythonhosted.org/packages/e0/3f/978df03be94c2198be22df5d6e31b69ef7a9759c6cc0cce4ed1d08e2b27b/msgpack-1.0.8-cp311-cp311-musllinux_1_1_i686.whl", hash = "sha256:3528807cbbb7f315bb81959d5961855e7ba52aa60a3097151cb21956fbc7502b", size = 434775, upload-time = "2024-03-01T12:35:36.171Z" },
    { url = "https://files.pythonhosted.org/packages/dd/06/adb6c8cdea18f9ba09b7dc1442b50ce222858ae4a85703420349784429d0/msgpack-1.0.8-cp311-cp311-musllinux_1_1_x86_64.whl", hash = "sha256:e2f879ab92ce502a1e65fce390eab619774dda6a6ff719718069ac94084098ce", size = 409109, upload-time = "2024-03-01T12:35:38.839Z" },
    { url = "https://files.pythonhosted.org/packages/c6/d6/46eec1866b1ff58001a4be192ec43675620392de078fd4baf394f7d03552/msgpack-1.0.8-cp311-cp311-win32.whl", hash = "sha256:26ee97a8261e6e35885c2ecd2fd4a6d38252246f94a2aec23665a4e66d066305", size = 68779, upload-time = "2024-03-01T12:35:40.425Z" },
    { url = "https://files.pythonhosted.org/packages/33/e9/f450b8e1243704c0ab656dcd37f6146881d11bbb68588132d8ae673c455b/msgpack-1.0.8-cp311-cp311-win_amd64.whl", hash = "sha256:eadb9f826c138e6cf3c49d6f8de88225a3c0ab181a9b4ba792e006e5292d150e", size = 75180, upload-time = "2024-03-01T12:35:42.39Z" },
    { url = "https://files.pythonhosted.org/packages/97/73/757eeca26527ebac31d86d35bf4ba20155ee14d35c8619dd96bc80a037f3/msgpack-1.0.8-cp312-cp312-macosx_10_9_universal2.whl", hash = "sha256:114be227f5213ef8b215c22dde19532f5da9652e56e8ce969bf0a26d7c419fee", size = 158948, upload-time = "2024-03-01T12:35:44.033Z" },
    { url = "https://files.pythonhosted.org/packages/11/df/558899a5f90d450e988484be25be0b49c6930858d6fe44ea6f1f66502fe5/msgpack-1.0.8-cp312-cp312-macosx_10_9_x86_64.whl", hash = "sha256:d661dc4785affa9d0edfdd1e59ec056a58b3dbb9f196fa43587f3ddac654ac7b", size = 88696, upload-time = "2024-03-01T12:35:46.218Z" },
    { url = "https://files.pythonhosted.org/packages/99/3e/49d430df1e9abf06bb91e9824422cd6ceead2114662417286da3ddcdd295/msgpack-1.0.8-cp312-cp312-macosx_11_0_arm64.whl", hash = "sha256:d56fd9f1f1cdc8227d7b7918f55091349741904d9520c65f0139a9755952c9e8", size = 85428, upload-time = "2024-03-01T12:35:47.999Z" },
    { url = "https://files.pythonhosted.org/packages/54/f7/84828d0c6be6b7f0770777f1a7b1f76f3a78e8b6afb5e4e9c1c9350242be/msgpack-1.0.8-cp312-cp312-manylinux_2_17_aarch64.manylinux2014_aarch64.whl", hash = "sha256:0726c282d188e204281ebd8de31724b7d749adebc086873a59efb8cf7ae27df3", size = 396116, upload-time = "2024-03-01T12:35:50.114Z" },
    { url = "https://files.pythonhosted.org/packages/04/2a/c833a8503be9030083f0469e7a3c74d3622a3b4eae676c3934d3ccc01036/msgpack-1.0.8-cp312-cp312-manylinux_2_17_x86_64.manylinux2014_x86_64.whl", hash = "sha256:8db8e423192303ed77cff4dce3a4b88dbfaf43979d280181558af5e2c3c71afc", size = 408331, upload-time = "2024-03-01T12:35:52.632Z" },
    { url = "https://files.pythonhosted.org/packages/04/50/b988d0a8e8835f705e4bbcb6433845ff11dd50083c0aa43e607bb7b2ff96/msgpack-1.0.8-cp312-cp312-manylinux_2_5_i686.manylinux1_i686.manylinux_2_17_i686.manylinux2014_i686.whl", hash = "sha256:99881222f4a8c2f641f25703963a5cefb076adffd959e0558dc9f803a52d6a58", size = 394182, upload-time = "2024-03-01T12:35:54.451Z" },
    { url = "https://files.pythonhosted.org/packages/98/e1/0d18496cbeef771db605b6a14794f9b4235d371f36b43f7223c1613969ec/msgpack-1.0.8-cp312-cp312-musllinux_1_1_aarch64.whl", hash = "sha256:b5505774ea2a73a86ea176e8a9a4a7c8bf5d521050f0f6f8426afe798689243f", size = 401226, upload-time = "2024-03-01T12:35:57.238Z" },
    { url = "https://files.pythonhosted.org/packages/03/79/ae000bde2aee4b9f0d50c1ca1ab301ade873b59dd6968c28f918d1cf8be4/msgpack-1.0.8-cp312-cp312-musllinux_1_1_i686.whl", hash = "sha256:ef254a06bcea461e65ff0373d8a0dd1ed3aa004af48839f002a0c994a6f72d04", size = 432994, upload-time = "2024-03-01T12:35:59.225Z" },
    { url = "https://files.pythonhosted.org/packages/cb/46/f97bedf3ab16d38eeea0aafa3ad93cc7b9adf898218961faaea9c3c639f1/msgpack-1.0.8-cp312-cp312-musllinux_1_1_x86_64.whl", hash = "sha256:e1dd7839443592d00e96db831eddb4111a2a81a46b028f0facd60a09ebbdd543", size = 410432, upload-time = "2024-03-01T12:36:01.516Z" },
    { url = "https://files.pythonhosted.org/packages/8f/59/db5b61c74341b6fdf2c8a5743bb242c395d728666cf3105ff17290eb421a/msgpack-1.0.8-cp312-cp312-win32.whl", hash = "sha256:64d0fcd436c5683fdd7c907eeae5e2cbb5eb872fafbc03a43609d7941840995c", size = 69255, upload-time = "2024-03-01T12:36:03.361Z" },
    { url = "https://files.pythonhosted.org/packages/72/5c/5facaa9b5d1b3ead831697daacf37d485af312bbe483ac6ecf43a3dd777f/msgpack-1.0.8-cp312-cp312-win_amd64.whl", hash = "sha256:74398a4cf19de42e1498368c36eed45d9528f5fd0155241e82c4082b7e16cffd", size = 75348, upload-time = "2024-03-01T12:36:04.852Z" },
]

[[package]]
name = "ocis-storage-dumper"
version = "4.0.0"
source = { editable = "." }
dependencies = [
    { name = "msgpack" },
    { name = "tqdm" },
]

[package.metadata]
requires-dist = [
    { name = "msgpack", specifier = "==1.0.8" },
    { name = "tqdm", specifier = "==4.66.4" },
]

[[package]]
name = "tqdm"
version = "4.66.4"
source = { registry = "https://pypi.org/simple" }
dependencies = [
    { name = "colorama", marker = "sys_platform == 'win32'" },
]
sdist = { url = "https://files.pythonhosted.org/packages/5a/c0/b7599d6e13fe0844b0cda01b9aaef9a0e87dbb10b06e4ee255d3fa1c79a2/tqdm-4.66.4.tar.gz", hash = "sha256:e4d936c9de8727928f3be6079590e97d9abfe8d39a590be678eb5919ffc186bb", size = 169392, upload-time = "2024-05-02T22:42:13.282Z" }
wheels = [
    { url = "https://files.pythonhosted.org/packages/18/eb/fdb7eb9e48b7b02554e1664afd3bd3f117f6b6d6c5881438a0b055554f9b/tqdm-4.66.4-py3-none-any.whl", hash = "sha256:b75ca56b413b030bc3f00af51fd2c1a1a5eac6a0c1cca83cbb37a5c52abce644", size = 78275, upload-time = "2024-05-02T22:42:09.553Z" },
]
